
Microsoft Visual Studio Solution File, Format Version 12.00
# Visual Studio Version 17
VisualStudioVersion = 17.0.32126.317
MinimumVisualStudioVersion = 10.0.40219.1
Project("{9A19103F-16F7-4668-BE54-9A1E7A4F7556}") = "DataBase", "DataBase\DataBase.csproj", "{9BF19A2D-6D4C-48F3-B218-15FD0B2C82DB}"
EndProject
Project("{9A19103F-16F7-4668-BE54-9A1E7A4F7556}") = "Models", "Models\Models.csproj", "{09619217-9F53-4232-84C8-C80BA1791882}"
EndProject
Project("{9A19103F-16F7-4668-BE54-9A1E7A4F7556}") = "Services", "Services\Services.csproj", "{CE4646CE-B5FE-449D-A319-CC73CAED6355}"
EndProject
Project("{9A19103F-16F7-4668-BE54-9A1E7A4F7556}") = "DataBaseSeeder", "DataBaseSeeder\DataBaseSeeder.csproj", "{C1ADC1DE-6D68-40C9-B0A8-8C98E4BB7EE2}"
EndProject
Project("{9A19103F-16F7-4668-BE54-9A1E7A4F7556}") = "ConsoleApp1", "ConsoleApp1\ConsoleApp1.csproj", "{449C69D7-EDF1-430B-8F08-4563ABCE88A2}"
EndProject
Project("{FAE04EC0-301F-11D3-BF4B-00C04F79EFBC}") = "WebApi", "WebApi\WebApi.csproj", "{DCBA1EB7-6476-49E8-800C-52CCBE2F63EE}"
EndProject
Global
	GlobalSection(SolutionConfigurationPlatforms) = preSolution
		Debug|Any CPU = Debug|Any CPU
		Release|Any CPU = Release|Any CPU
	EndGlobalSection
	GlobalSection(ProjectConfigurationPlatforms) = postSolution
		{9BF19A2D-6D4C-48F3-B218-15FD0B2C82DB}.Debug|Any CPU.ActiveCfg = Debug|Any CPU
		{9BF19A2D-6D4C-48F3-B218-15FD0B2C82DB}.Debug|Any CPU.Build.0 = Debug|Any CPU
		{9BF19A2D-6D4C-48F3-B218-15FD0B2C82DB}.Release|Any CPU.ActiveCfg = Release|Any CPU
		{9BF19A2D-6D4C-48F3-B218-15FD0B2C82DB}.Release|Any CPU.Build.0 = Release|Any CPU
		{09619217-9F53-4232-84C8-C80BA1791882}.Debug|Any CPU.ActiveCfg = Debug|Any CPU
		{09619217-9F53-4232-84C8-C80BA1791882}.Debug|Any CPU.Build.0 = Debug|Any CPU
		{09619217-9F53-4232-84C8-C80BA1791882}.Release|Any CPU.ActiveCfg = Release|Any CPU
		{09619217-9F53-4232-84C8-C80BA1791882}.Release|Any CPU.Build.0 = Release|Any CPU
		{CE4646CE-B5FE-449D-A319-CC73CAED6355}.Debug|Any CPU.ActiveCfg = Debug|Any CPU
		{CE4646CE-B5FE-449D-A319-CC73CAED6355}.Debug|Any CPU.Build.0 = Debug|Any CPU
		{CE4646CE-B5FE-449D-A319-CC73CAED6355}.Release|Any CPU.ActiveCfg = Release|Any CPU
		{CE4646CE-B5FE-449D-A319-CC73CAED6355}.Release|Any CPU.Build.0 = Release|Any CPU
		{C1ADC1DE-6D68-40C9-B0A8-8C98E4BB7EE2}.Debug|Any CPU.ActiveCfg = Debug|Any CPU
		{C1ADC1DE-6D68-40C9-B0A8-8C98E4BB7EE2}.Debug|Any CPU.Build.0 = Debug|Any CPU
		{C1ADC1DE-6D68-40C9-B0A8-8C98E4BB7EE2}.Release|Any CPU.ActiveCfg = Release|Any CPU
		{C1ADC1DE-6D68-40C9-B0A8-8C98E4BB7EE2}.Release|Any CPU.Build.0 = Release|Any CPU
		{449C69D7-EDF1-430B-8F08-4563ABCE88A2}.Debug|Any CPU.ActiveCfg = Debug|Any CPU
		{449C69D7-EDF1-430B-8F08-4563ABCE88A2}.Debug|Any CPU.Build.0 = Debug|Any CPU
		{449C69D7-EDF1-430B-8F08-4563ABCE88A2}.Release|Any CPU.ActiveCfg = Release|Any CPU
		{449C69D7-EDF1-430B-8F08-4563ABCE88A2}.Release|Any CPU.Build.0 = Release|Any CPU
		{DCBA1EB7-6476-49E8-800C-52CCBE2F63EE}.Debug|Any CPU.ActiveCfg = Debug|Any CPU
		{DCBA1EB7-6476-49E8-800C-52CCBE2F63EE}.Debug|Any CPU.Build.0 = Debug|Any CPU
		{DCBA1EB7-6476-49E8-800C-52CCBE2F63EE}.Release|Any CPU.ActiveCfg = Release|Any CPU
		{DCBA1EB7-6476-49E8-800C-52CCBE2F63EE}.Release|Any CPU.Build.0 = Release|Any CPU
	EndGlobalSection
	GlobalSection(SolutionProperties) = preSolution
		HideSolutionNode = FALSE
	EndGlobalSection
	GlobalSection(ExtensibilityGlobals) = postSolution
		SolutionGuid = {85E69035-B0DD-4631-9491-3A53D1643A1D}
	EndGlobalSection
EndGlobal
